
Microsoft Visual Studio Solution File, Format Version 12.00
# Visual Studio 15
VisualStudioVersion = 15.0.28307.136
MinimumVisualStudioVersion = 10.0.40219.1
Project("{FAE04EC0-301F-11D3-BF4B-00C04F79EFBC}") = "OPV_Helper", "OPV_Simulator\OPV_Helper.csproj", "{5C40ECDF-0052-4B97-A70F-124322327980}"
EndProject
Global
	GlobalSection(SolutionConfigurationPlatforms) = preSolution
		Debug|Any CPU = Debug|Any CPU
		Release|Any CPU = Release|Any CPU
	EndGlobalSection
	GlobalSection(ProjectConfigurationPlatforms) = postSolution
		{5C40ECDF-0052-4B97-A70F-124322327980}.Debug|Any CPU.ActiveCfg = Debug|Any CPU
		{5C40ECDF-0052-4B97-A70F-124322327980}.Debug|Any CPU.Build.0 = Debug|Any CPU
		{5C40ECDF-0052-4B97-A70F-124322327980}.Release|Any CPU.ActiveCfg = Release|Any CPU
		{5C40ECDF-0052-4B97-A70F-124322327980}.Release|Any CPU.Build.0 = Release|Any CPU
	EndGlobalSection
	GlobalSection(SolutionProperties) = preSolution
		HideSolutionNode = FALSE
	EndGlobalSection
	GlobalSection(ExtensibilityGlobals) = postSolution
		SolutionGuid = {0D36CEA3-990D-4186-84B0-2545DD4DA905}
	EndGlobalSection
EndGlobal
